
Microsoft Visual Studio Solution File, Format Version 12.00
# Visual Studio 15
VisualStudioVersion = 15.0.27130.2010
MinimumVisualStudioVersion = 10.0.40219.1
Project("{8BC9CEB8-8B4A-11D0-8D11-00A0C91BC942}") = "ucdev_animation", "uc_animation\build\ucdev_animation.vcxproj", "{0D57ADB9-51A6-4322-BDE8-A33ADD8C6F12}"
EndProject
Project("{8BC9CEB8-8B4A-11D0-8D11-00A0C91BC942}") = "uc_build_tasks", "uc_build_tasks\build\uc_build_tasks.vcxproj", "{DBC07C8D-6EEE-4D09-8DC8-C40F7E16EA7C}"
EndProject
Project("{8BC9CEB8-8B4A-11D0-8D11-00A0C91BC942}") = "ucdev_model", "uc_model\build\ucdev_model.vcxproj", "{7BFD660B-EC2B-4E59-8AE2-B6C3697029A5}"
EndProject
Project("{8BC9CEB8-8B4A-11D0-8D11-00A0C91BC942}") = "ucdev_pso", "uc_pipeline_stage_object\build\ucdev_pso.vcxproj", "{D31AAC82-3103-4F56-80E0-2CC4A5340E0E}"
EndProject
Project("{8BC9CEB8-8B4A-11D0-8D11-00A0C91BC942}") = "ucdev_skeleton", "uc_skeleton\build\ucdev_skeleton.vcxproj", "{FF6FCAE9-0F38-49E8-A0C6-E17B75153158}"
EndProject
Project("{8BC9CEB8-8B4A-11D0-8D11-00A0C91BC942}") = "ucdev_pso2", "uc_pipeline_stage_object\build\ucdev_pso2.vcxproj", "{31BABC5F-9F2A-4420-B250-BA63B19B1C84}"
EndProject
Project("{8BC9CEB8-8B4A-11D0-8D11-00A0C91BC942}") = "ucdev_texture", "uc_texture\build\ucdev_texture.vcxproj", "{7BFD660B-EC2B-4E59-8AE2-B6C3697029A6}"
EndProject
Global
	GlobalSection(SolutionConfigurationPlatforms) = preSolution
		debug|x64 = debug|x64
		release|x64 = release|x64
	EndGlobalSection
	GlobalSection(ProjectConfigurationPlatforms) = postSolution
		{0D57ADB9-51A6-4322-BDE8-A33ADD8C6F12}.debug|x64.ActiveCfg = debug|x64
		{0D57ADB9-51A6-4322-BDE8-A33ADD8C6F12}.debug|x64.Build.0 = debug|x64
		{0D57ADB9-51A6-4322-BDE8-A33ADD8C6F12}.release|x64.ActiveCfg = release|x64
		{0D57ADB9-51A6-4322-BDE8-A33ADD8C6F12}.release|x64.Build.0 = release|x64
		{DBC07C8D-6EEE-4D09-8DC8-C40F7E16EA7C}.debug|x64.ActiveCfg = debug|Win32
		{DBC07C8D-6EEE-4D09-8DC8-C40F7E16EA7C}.debug|x64.Build.0 = debug|Win32
		{DBC07C8D-6EEE-4D09-8DC8-C40F7E16EA7C}.release|x64.ActiveCfg = release|Win32
		{DBC07C8D-6EEE-4D09-8DC8-C40F7E16EA7C}.release|x64.Build.0 = release|Win32
		{7BFD660B-EC2B-4E59-8AE2-B6C3697029A5}.debug|x64.ActiveCfg = debug|x64
		{7BFD660B-EC2B-4E59-8AE2-B6C3697029A5}.debug|x64.Build.0 = debug|x64
		{7BFD660B-EC2B-4E59-8AE2-B6C3697029A5}.release|x64.ActiveCfg = release|x64
		{7BFD660B-EC2B-4E59-8AE2-B6C3697029A5}.release|x64.Build.0 = release|x64
		{D31AAC82-3103-4F56-80E0-2CC4A5340E0E}.debug|x64.ActiveCfg = debug|x64
		{D31AAC82-3103-4F56-80E0-2CC4A5340E0E}.debug|x64.Build.0 = debug|x64
		{D31AAC82-3103-4F56-80E0-2CC4A5340E0E}.release|x64.ActiveCfg = release|x64
		{D31AAC82-3103-4F56-80E0-2CC4A5340E0E}.release|x64.Build.0 = release|x64
		{FF6FCAE9-0F38-49E8-A0C6-E17B75153158}.debug|x64.ActiveCfg = debug|x64
		{FF6FCAE9-0F38-49E8-A0C6-E17B75153158}.debug|x64.Build.0 = debug|x64
		{FF6FCAE9-0F38-49E8-A0C6-E17B75153158}.release|x64.ActiveCfg = release|x64
		{FF6FCAE9-0F38-49E8-A0C6-E17B75153158}.release|x64.Build.0 = release|x64
		{31BABC5F-9F2A-4420-B250-BA63B19B1C84}.debug|x64.ActiveCfg = debug|x64
		{31BABC5F-9F2A-4420-B250-BA63B19B1C84}.debug|x64.Build.0 = debug|x64
		{31BABC5F-9F2A-4420-B250-BA63B19B1C84}.release|x64.ActiveCfg = release|x64
		{31BABC5F-9F2A-4420-B250-BA63B19B1C84}.release|x64.Build.0 = release|x64
		{7BFD660B-EC2B-4E59-8AE2-B6C3697029A6}.debug|x64.ActiveCfg = debug|x64
		{7BFD660B-EC2B-4E59-8AE2-B6C3697029A6}.debug|x64.Build.0 = debug|x64
		{7BFD660B-EC2B-4E59-8AE2-B6C3697029A6}.release|x64.ActiveCfg = release|x64
		{7BFD660B-EC2B-4E59-8AE2-B6C3697029A6}.release|x64.Build.0 = release|x64
	EndGlobalSection
	GlobalSection(SolutionProperties) = preSolution
		HideSolutionNode = FALSE
	EndGlobalSection
	GlobalSection(ExtensibilityGlobals) = postSolution
		SolutionGuid = {01E1EDA9-1712-4B7B-AB15-736B3C9CD4FA}
	EndGlobalSection
EndGlobal
